
Microsoft Visual Studio Solution File, Format Version 12.00
# Visual Studio Version 17
VisualStudioVersion = 17.3.32819.101
MinimumVisualStudioVersion = 10.0.40219.1
Project("{FAE04EC0-301F-11D3-BF4B-00C04F79EFBC}") = "MeetingCostCalculator", "MeetingCostCalculator\MeetingCostCalculator.csproj", "{30A3AF2F-B59A-4B68-8019-F9A019249386}"
EndProject
Global
	GlobalSection(SolutionConfigurationPlatforms) = preSolution
		Debug|Any CPU = Debug|Any CPU
		Release|Any CPU = Release|Any CPU
	EndGlobalSection
	GlobalSection(ProjectConfigurationPlatforms) = postSolution
		{30A3AF2F-B59A-4B68-8019-F9A019249386}.Debug|Any CPU.ActiveCfg = Debug|Any CPU
		{30A3AF2F-B59A-4B68-8019-F9A019249386}.Debug|Any CPU.Build.0 = Debug|Any CPU
		{30A3AF2F-B59A-4B68-8019-F9A019249386}.Debug|Any CPU.Deploy.0 = Debug|Any CPU
		{30A3AF2F-B59A-4B68-8019-F9A019249386}.Release|Any CPU.ActiveCfg = Release|Any CPU
		{30A3AF2F-B59A-4B68-8019-F9A019249386}.Release|Any CPU.Build.0 = Release|Any CPU
		{30A3AF2F-B59A-4B68-8019-F9A019249386}.Release|Any CPU.Deploy.0 = Release|Any CPU
	EndGlobalSection
	GlobalSection(SolutionProperties) = preSolution
		HideSolutionNode = FALSE
	EndGlobalSection
	GlobalSection(ExtensibilityGlobals) = postSolution
		SolutionGuid = {303F37A5-A8AC-44BC-886F-6FF4D7286EC4}
	EndGlobalSection
EndGlobal
